
Microsoft Visual Studio Solution File, Format Version 12.00
# Visual Studio 15
VisualStudioVersion = 15.0.28307.271
MinimumVisualStudioVersion = 10.0.40219.1
Project("{FAE04EC0-301F-11D3-BF4B-00C04F79EFBC}") = "TicTacToe", "TicTacToe\TicTacToe.csproj", "{ECD3EE6B-2BBD-4D17-BADB-1D67E798BAFF}"
EndProject
Global
	GlobalSection(SolutionConfigurationPlatforms) = preSolution
		Debug|Any CPU = Debug|Any CPU
		Release|Any CPU = Release|Any CPU
	EndGlobalSection
	GlobalSection(ProjectConfigurationPlatforms) = postSolution
		{ECD3EE6B-2BBD-4D17-BADB-1D67E798BAFF}.Debug|Any CPU.ActiveCfg = Debug|Any CPU
		{ECD3EE6B-2BBD-4D17-BADB-1D67E798BAFF}.Debug|Any CPU.Build.0 = Debug|Any CPU
		{ECD3EE6B-2BBD-4D17-BADB-1D67E798BAFF}.Release|Any CPU.ActiveCfg = Release|Any CPU
		{ECD3EE6B-2BBD-4D17-BADB-1D67E798BAFF}.Release|Any CPU.Build.0 = Release|Any CPU
	EndGlobalSection
	GlobalSection(SolutionProperties) = preSolution
		HideSolutionNode = FALSE
	EndGlobalSection
	GlobalSection(ExtensibilityGlobals) = postSolution
		SolutionGuid = {BFFBE8DE-7E43-4BAB-A6E6-C4766EF0DF54}
	EndGlobalSection
EndGlobal
